
Microsoft Visual Studio Solution File, Format Version 12.00
# Visual Studio Version 17
VisualStudioVersion = 17.0.31612.314
MinimumVisualStudioVersion = 10.0.40219.1
Project("{FAE04EC0-301F-11D3-BF4B-00C04F79EFBC}") = "PetrolOfisi", "PetrolOfisi.csproj", "{307D0209-5030-4CCF-B14A-366B50B7AC1F}"
EndProject
Global
	GlobalSection(SolutionConfigurationPlatforms) = preSolution
		Debug|Any CPU = Debug|Any CPU
		Release|Any CPU = Release|Any CPU
	EndGlobalSection
	GlobalSection(ProjectConfigurationPlatforms) = postSolution
		{307D0209-5030-4CCF-B14A-366B50B7AC1F}.Debug|Any CPU.ActiveCfg = Debug|Any CPU
		{307D0209-5030-4CCF-B14A-366B50B7AC1F}.Debug|Any CPU.Build.0 = Debug|Any CPU
		{307D0209-5030-4CCF-B14A-366B50B7AC1F}.Release|Any CPU.ActiveCfg = Release|Any CPU
		{307D0209-5030-4CCF-B14A-366B50B7AC1F}.Release|Any CPU.Build.0 = Release|Any CPU
	EndGlobalSection
	GlobalSection(SolutionProperties) = preSolution
		HideSolutionNode = FALSE
	EndGlobalSection
	GlobalSection(ExtensibilityGlobals) = postSolution
		SolutionGuid = {6AE1E2C0-7D40-4941-8F99-6F49B64A84D1}
	EndGlobalSection
EndGlobal
