
Microsoft Visual Studio Solution File, Format Version 12.00
# Visual Studio Version 17
VisualStudioVersion = 17.0.31521.260
MinimumVisualStudioVersion = 10.0.40219.1
Project("{FAE04EC0-301F-11D3-BF4B-00C04F79EFBC}") = "Hastane_Projesi", "Hastane_Projesi.csproj", "{4BAB009B-BF44-47B8-9CCC-98B00BD51261}"
EndProject
Global
	GlobalSection(SolutionConfigurationPlatforms) = preSolution
		Debug|Any CPU = Debug|Any CPU
		Release|Any CPU = Release|Any CPU
	EndGlobalSection
	GlobalSection(ProjectConfigurationPlatforms) = postSolution
		{4BAB009B-BF44-47B8-9CCC-98B00BD51261}.Debug|Any CPU.ActiveCfg = Debug|Any CPU
		{4BAB009B-BF44-47B8-9CCC-98B00BD51261}.Debug|Any CPU.Build.0 = Debug|Any CPU
		{4BAB009B-BF44-47B8-9CCC-98B00BD51261}.Release|Any CPU.ActiveCfg = Release|Any CPU
		{4BAB009B-BF44-47B8-9CCC-98B00BD51261}.Release|Any CPU.Build.0 = Release|Any CPU
	EndGlobalSection
	GlobalSection(SolutionProperties) = preSolution
		HideSolutionNode = FALSE
	EndGlobalSection
	GlobalSection(ExtensibilityGlobals) = postSolution
		SolutionGuid = {905D63C1-1390-4C00-A68F-A9E3C3ACB0E0}
	EndGlobalSection
EndGlobal
