
Microsoft Visual Studio Solution File, Format Version 12.00
# Visual Studio Version 17
VisualStudioVersion = 17.0.31612.314
MinimumVisualStudioVersion = 10.0.40219.1
Project("{FAE04EC0-301F-11D3-BF4B-00C04F79EFBC}") = "BankamatikSimulasyonu", "BankamatikSimulasyonu.csproj", "{15635D0F-2A90-45B9-8F8E-F6C57D8FBB65}"
EndProject
Global
	GlobalSection(SolutionConfigurationPlatforms) = preSolution
		Debug|Any CPU = Debug|Any CPU
		Release|Any CPU = Release|Any CPU
	EndGlobalSection
	GlobalSection(ProjectConfigurationPlatforms) = postSolution
		{15635D0F-2A90-45B9-8F8E-F6C57D8FBB65}.Debug|Any CPU.ActiveCfg = Debug|Any CPU
		{15635D0F-2A90-45B9-8F8E-F6C57D8FBB65}.Debug|Any CPU.Build.0 = Debug|Any CPU
		{15635D0F-2A90-45B9-8F8E-F6C57D8FBB65}.Release|Any CPU.ActiveCfg = Release|Any CPU
		{15635D0F-2A90-45B9-8F8E-F6C57D8FBB65}.Release|Any CPU.Build.0 = Release|Any CPU
	EndGlobalSection
	GlobalSection(SolutionProperties) = preSolution
		HideSolutionNode = FALSE
	EndGlobalSection
	GlobalSection(ExtensibilityGlobals) = postSolution
		SolutionGuid = {B115DBDE-A31A-4E87-845E-3E7B7AD3CF31}
	EndGlobalSection
EndGlobal
