
Microsoft Visual Studio Solution File, Format Version 12.00
# Visual Studio Version 16
VisualStudioVersion = 16.0.31424.327
MinimumVisualStudioVersion = 10.0.40219.1
Project("{FAE04EC0-301F-11D3-BF4B-00C04F79EFBC}") = "WindowsFormsApp3", "WindowsFormsApp3.csproj", "{B61FD815-B96E-4B6F-9EF0-3B5EDA494009}"
EndProject
Global
	GlobalSection(SolutionConfigurationPlatforms) = preSolution
		Debug|Any CPU = Debug|Any CPU
		Release|Any CPU = Release|Any CPU
	EndGlobalSection
	GlobalSection(ProjectConfigurationPlatforms) = postSolution
		{B61FD815-B96E-4B6F-9EF0-3B5EDA494009}.Debug|Any CPU.ActiveCfg = Debug|Any CPU
		{B61FD815-B96E-4B6F-9EF0-3B5EDA494009}.Debug|Any CPU.Build.0 = Debug|Any CPU
		{B61FD815-B96E-4B6F-9EF0-3B5EDA494009}.Release|Any CPU.ActiveCfg = Release|Any CPU
		{B61FD815-B96E-4B6F-9EF0-3B5EDA494009}.Release|Any CPU.Build.0 = Release|Any CPU
	EndGlobalSection
	GlobalSection(SolutionProperties) = preSolution
		HideSolutionNode = FALSE
	EndGlobalSection
	GlobalSection(ExtensibilityGlobals) = postSolution
		SolutionGuid = {DC7A9DD9-2F2D-428A-9067-021E16DEE445}
	EndGlobalSection
EndGlobal
