
Microsoft Visual Studio Solution File, Format Version 12.00
# Visual Studio Version 17
VisualStudioVersion = 17.0.31612.314
MinimumVisualStudioVersion = 10.0.40219.1
Project("{FAE04EC0-301F-11D3-BF4B-00C04F79EFBC}") = "Mesaj_Proje", "Mesaj_Proje.csproj", "{EBAD18F5-D83F-4607-B0CD-DF45EB755771}"
EndProject
Global
	GlobalSection(SolutionConfigurationPlatforms) = preSolution
		Debug|Any CPU = Debug|Any CPU
		Release|Any CPU = Release|Any CPU
	EndGlobalSection
	GlobalSection(ProjectConfigurationPlatforms) = postSolution
		{EBAD18F5-D83F-4607-B0CD-DF45EB755771}.Debug|Any CPU.ActiveCfg = Debug|Any CPU
		{EBAD18F5-D83F-4607-B0CD-DF45EB755771}.Debug|Any CPU.Build.0 = Debug|Any CPU
		{EBAD18F5-D83F-4607-B0CD-DF45EB755771}.Release|Any CPU.ActiveCfg = Release|Any CPU
		{EBAD18F5-D83F-4607-B0CD-DF45EB755771}.Release|Any CPU.Build.0 = Release|Any CPU
	EndGlobalSection
	GlobalSection(SolutionProperties) = preSolution
		HideSolutionNode = FALSE
	EndGlobalSection
	GlobalSection(ExtensibilityGlobals) = postSolution
		SolutionGuid = {3A5B352B-0BE7-4B59-B406-028E312C76EB}
	EndGlobalSection
EndGlobal
